
Microsoft Visual Studio Solution File, Format Version 12.00
# Visual Studio Version 17
VisualStudioVersion = 17.7.34221.43
MinimumVisualStudioVersion = 10.0.40219.1
Project("{2150E333-8FDC-42A3-9474-1A3956D46DE8}") = "Lib", "Lib", "{022BF3BB-8F86-4E44-8EB3-9A0548D656DF}"
EndProject
Project("{2150E333-8FDC-42A3-9474-1A3956D46DE8}") = "Projects", "Projects", "{5B44C49F-CBBB-4D8D-A9FF-67785970BE73}"
EndProject
Project("{2150E333-8FDC-42A3-9474-1A3956D46DE8}") = "Tools", "Tools", "{0F503235-72B1-416F-84CE-C26F1AC2EAF1}"
EndProject
Project("{2150E333-8FDC-42A3-9474-1A3956D46DE8}") = "Implementation", "Implementation", "{72070B66-C377-489C-A9DF-42514021721D}"
EndProject
Project("{2150E333-8FDC-42A3-9474-1A3956D46DE8}") = "Core", "Core", "{74E4A319-E4D7-4488-B209-70EE216B8CC6}"
EndProject
Project("{8BC9CEB8-8B4A-11D0-8D11-00A0C91BC942}") = "EngineLib", "Projects\EngineLib\EngineLib.vcxproj", "{BEB44029-16EB-44E8-91B6-AF8B3208E491}"
EndProject
Project("{2150E333-8FDC-42A3-9474-1A3956D46DE8}") = "DevVersion", "DevVersion", "{8DD853BA-FBFD-4F80-9DC7-82B4EFF7196E}"
EndProject
Project("{8BC9CEB8-8B4A-11D0-8D11-00A0C91BC942}") = "ServerCore", "Projects\ServerCore\ServerCore.vcxproj", "{C551EFB0-AC02-4488-B484-DD700227A1B2}"
EndProject
Project("{8BC9CEB8-8B4A-11D0-8D11-00A0C91BC942}") = "GameServer", "Projects\GameServer\GameServer\GameServer.vcxproj", "{15B10DDE-34E6-4E43-8879-32E2DBFACE1A}"
EndProject
Project("{8BC9CEB8-8B4A-11D0-8D11-00A0C91BC942}") = "WorldOfVolcano", "Projects\WorldOfVolcano\WorldOfVolcano.vcxproj", "{A0F2C70B-9827-468B-94D1-BC444F0D4850}"
EndProject
Global
	GlobalSection(SolutionConfigurationPlatforms) = preSolution
		Debug|x64 = Debug|x64
		Debug|x86 = Debug|x86
		Release|x64 = Release|x64
		Release|x86 = Release|x86
	EndGlobalSection
	GlobalSection(ProjectConfigurationPlatforms) = postSolution
		{BEB44029-16EB-44E8-91B6-AF8B3208E491}.Debug|x64.ActiveCfg = Debug|x64
		{BEB44029-16EB-44E8-91B6-AF8B3208E491}.Debug|x64.Build.0 = Debug|x64
		{BEB44029-16EB-44E8-91B6-AF8B3208E491}.Debug|x86.ActiveCfg = Debug|Win32
		{BEB44029-16EB-44E8-91B6-AF8B3208E491}.Debug|x86.Build.0 = Debug|Win32
		{BEB44029-16EB-44E8-91B6-AF8B3208E491}.Release|x64.ActiveCfg = Release|x64
		{BEB44029-16EB-44E8-91B6-AF8B3208E491}.Release|x64.Build.0 = Release|x64
		{BEB44029-16EB-44E8-91B6-AF8B3208E491}.Release|x86.ActiveCfg = Release|Win32
		{BEB44029-16EB-44E8-91B6-AF8B3208E491}.Release|x86.Build.0 = Release|Win32
		{C551EFB0-AC02-4488-B484-DD700227A1B2}.Debug|x64.ActiveCfg = Debug|x64
		{C551EFB0-AC02-4488-B484-DD700227A1B2}.Debug|x64.Build.0 = Debug|x64
		{C551EFB0-AC02-4488-B484-DD700227A1B2}.Debug|x86.ActiveCfg = Debug|Win32
		{C551EFB0-AC02-4488-B484-DD700227A1B2}.Debug|x86.Build.0 = Debug|Win32
		{C551EFB0-AC02-4488-B484-DD700227A1B2}.Release|x64.ActiveCfg = Release|x64
		{C551EFB0-AC02-4488-B484-DD700227A1B2}.Release|x64.Build.0 = Release|x64
		{C551EFB0-AC02-4488-B484-DD700227A1B2}.Release|x86.ActiveCfg = Release|Win32
		{C551EFB0-AC02-4488-B484-DD700227A1B2}.Release|x86.Build.0 = Release|Win32
		{15B10DDE-34E6-4E43-8879-32E2DBFACE1A}.Debug|x64.ActiveCfg = Debug|x64
		{15B10DDE-34E6-4E43-8879-32E2DBFACE1A}.Debug|x64.Build.0 = Debug|x64
		{15B10DDE-34E6-4E43-8879-32E2DBFACE1A}.Debug|x86.ActiveCfg = Debug|Win32
		{15B10DDE-34E6-4E43-8879-32E2DBFACE1A}.Debug|x86.Build.0 = Debug|Win32
		{15B10DDE-34E6-4E43-8879-32E2DBFACE1A}.Release|x64.ActiveCfg = Release|x64
		{15B10DDE-34E6-4E43-8879-32E2DBFACE1A}.Release|x64.Build.0 = Release|x64
		{15B10DDE-34E6-4E43-8879-32E2DBFACE1A}.Release|x86.ActiveCfg = Release|Win32
		{15B10DDE-34E6-4E43-8879-32E2DBFACE1A}.Release|x86.Build.0 = Release|Win32
		{A0F2C70B-9827-468B-94D1-BC444F0D4850}.Debug|x64.ActiveCfg = Debug|x64
		{A0F2C70B-9827-468B-94D1-BC444F0D4850}.Debug|x64.Build.0 = Debug|x64
		{A0F2C70B-9827-468B-94D1-BC444F0D4850}.Debug|x86.ActiveCfg = Debug|Win32
		{A0F2C70B-9827-468B-94D1-BC444F0D4850}.Debug|x86.Build.0 = Debug|Win32
		{A0F2C70B-9827-468B-94D1-BC444F0D4850}.Release|x64.ActiveCfg = Release|x64
		{A0F2C70B-9827-468B-94D1-BC444F0D4850}.Release|x64.Build.0 = Release|x64
		{A0F2C70B-9827-468B-94D1-BC444F0D4850}.Release|x86.ActiveCfg = Release|Win32
		{A0F2C70B-9827-468B-94D1-BC444F0D4850}.Release|x86.Build.0 = Release|Win32
	EndGlobalSection
	GlobalSection(SolutionProperties) = preSolution
		HideSolutionNode = FALSE
	EndGlobalSection
	GlobalSection(NestedProjects) = preSolution
		{72070B66-C377-489C-A9DF-42514021721D} = {5B44C49F-CBBB-4D8D-A9FF-67785970BE73}
		{BEB44029-16EB-44E8-91B6-AF8B3208E491} = {022BF3BB-8F86-4E44-8EB3-9A0548D656DF}
		{8DD853BA-FBFD-4F80-9DC7-82B4EFF7196E} = {5B44C49F-CBBB-4D8D-A9FF-67785970BE73}
		{C551EFB0-AC02-4488-B484-DD700227A1B2} = {022BF3BB-8F86-4E44-8EB3-9A0548D656DF}
		{15B10DDE-34E6-4E43-8879-32E2DBFACE1A} = {72070B66-C377-489C-A9DF-42514021721D}
		{A0F2C70B-9827-468B-94D1-BC444F0D4850} = {8DD853BA-FBFD-4F80-9DC7-82B4EFF7196E}
	EndGlobalSection
	GlobalSection(ExtensibilityGlobals) = postSolution
		SolutionGuid = {4983060C-B398-4026-85DA-0E060E22D851}
	EndGlobalSection
EndGlobal
